
Microsoft Visual Studio Solution File, Format Version 12.00
# Visual Studio Version 17
VisualStudioVersion = 17.13.35825.156
MinimumVisualStudioVersion = 10.0.40219.1
Project("{FAE04EC0-301F-11D3-BF4B-00C04F79EFBC}") = "OrderApi.Domain", "OrderApi.Domain\OrderApi.Domain.csproj", "{5815B642-418E-49D9-8270-BA043F5DA93F}"
EndProject
Project("{FAE04EC0-301F-11D3-BF4B-00C04F79EFBC}") = "OrderApi.Application", "OrderApi.Application\OrderApi.Application.csproj", "{DD07A44A-662E-4A9C-83E9-CC4474690C30}"
EndProject
Project("{FAE04EC0-301F-11D3-BF4B-00C04F79EFBC}") = "OrderApi.Infrastructure", "OrderApi.Infrastructure\OrderApi.Infrastructure.csproj", "{86319C95-CB33-4BD1-A8C4-3CC38675FEF4}"
EndProject
Project("{FAE04EC0-301F-11D3-BF4B-00C04F79EFBC}") = "OrderApi.Presentation", "OrderApi.Presentation\OrderApi.Presentation.csproj", "{84DFAF80-44B8-47BB-A016-BA5BFD102794}"
EndProject
Project("{FAE04EC0-301F-11D3-BF4B-00C04F79EFBC}") = "eCommerce.SharedLibrary", "..\DemoECommerce.SharedLibrarySolution\eCommerce.SharedLibrary\eCommerce.SharedLibrary.csproj", "{037A0280-0D01-FF6F-6210-90E1ECB2528E}"
EndProject
Global
	GlobalSection(SolutionConfigurationPlatforms) = preSolution
		Debug|Any CPU = Debug|Any CPU
		Release|Any CPU = Release|Any CPU
	EndGlobalSection
	GlobalSection(ProjectConfigurationPlatforms) = postSolution
		{5815B642-418E-49D9-8270-BA043F5DA93F}.Debug|Any CPU.ActiveCfg = Debug|Any CPU
		{5815B642-418E-49D9-8270-BA043F5DA93F}.Debug|Any CPU.Build.0 = Debug|Any CPU
		{5815B642-418E-49D9-8270-BA043F5DA93F}.Release|Any CPU.ActiveCfg = Release|Any CPU
		{5815B642-418E-49D9-8270-BA043F5DA93F}.Release|Any CPU.Build.0 = Release|Any CPU
		{DD07A44A-662E-4A9C-83E9-CC4474690C30}.Debug|Any CPU.ActiveCfg = Debug|Any CPU
		{DD07A44A-662E-4A9C-83E9-CC4474690C30}.Debug|Any CPU.Build.0 = Debug|Any CPU
		{DD07A44A-662E-4A9C-83E9-CC4474690C30}.Release|Any CPU.ActiveCfg = Release|Any CPU
		{DD07A44A-662E-4A9C-83E9-CC4474690C30}.Release|Any CPU.Build.0 = Release|Any CPU
		{86319C95-CB33-4BD1-A8C4-3CC38675FEF4}.Debug|Any CPU.ActiveCfg = Debug|Any CPU
		{86319C95-CB33-4BD1-A8C4-3CC38675FEF4}.Debug|Any CPU.Build.0 = Debug|Any CPU
		{86319C95-CB33-4BD1-A8C4-3CC38675FEF4}.Release|Any CPU.ActiveCfg = Release|Any CPU
		{86319C95-CB33-4BD1-A8C4-3CC38675FEF4}.Release|Any CPU.Build.0 = Release|Any CPU
		{84DFAF80-44B8-47BB-A016-BA5BFD102794}.Debug|Any CPU.ActiveCfg = Debug|Any CPU
		{84DFAF80-44B8-47BB-A016-BA5BFD102794}.Debug|Any CPU.Build.0 = Debug|Any CPU
		{84DFAF80-44B8-47BB-A016-BA5BFD102794}.Release|Any CPU.ActiveCfg = Release|Any CPU
		{84DFAF80-44B8-47BB-A016-BA5BFD102794}.Release|Any CPU.Build.0 = Release|Any CPU
		{037A0280-0D01-FF6F-6210-90E1ECB2528E}.Debug|Any CPU.ActiveCfg = Debug|Any CPU
		{037A0280-0D01-FF6F-6210-90E1ECB2528E}.Debug|Any CPU.Build.0 = Debug|Any CPU
		{037A0280-0D01-FF6F-6210-90E1ECB2528E}.Release|Any CPU.ActiveCfg = Release|Any CPU
		{037A0280-0D01-FF6F-6210-90E1ECB2528E}.Release|Any CPU.Build.0 = Release|Any CPU
	EndGlobalSection
	GlobalSection(SolutionProperties) = preSolution
		HideSolutionNode = FALSE
	EndGlobalSection
	GlobalSection(ExtensibilityGlobals) = postSolution
		SolutionGuid = {3F481BB9-BCCA-4630-97D1-E06A5417423F}
	EndGlobalSection
EndGlobal
