
Microsoft Visual Studio Solution File, Format Version 12.00
# Visual Studio Version 17
VisualStudioVersion = 17.13.35825.156
MinimumVisualStudioVersion = 10.0.40219.1
Project("{FAE04EC0-301F-11D3-BF4B-00C04F79EFBC}") = "AuthenticationApi.Domein", "AuthenticationApi.Domein\AuthenticationApi.Domein.csproj", "{8A06153F-7FE9-4520-BA50-BFA3E01A78B9}"
EndProject
Project("{FAE04EC0-301F-11D3-BF4B-00C04F79EFBC}") = "AuthenticationApi.Application", "AuthenticationApi.Application\AuthenticationApi.Application.csproj", "{7B3BFF7C-D131-499D-A97B-78DCF2EA1E83}"
EndProject
Project("{FAE04EC0-301F-11D3-BF4B-00C04F79EFBC}") = "AuthenticationApi.Infrastructure", "AuthenticationApi.Infrastructure\AuthenticationApi.Infrastructure.csproj", "{4451C2A9-D3FE-46D6-B9F2-9427609D8129}"
EndProject
Project("{FAE04EC0-301F-11D3-BF4B-00C04F79EFBC}") = "AuthenticationApi.Presentation", "AuthenticationApi.Presentation\AuthenticationApi.Presentation.csproj", "{EDEAFB21-DEF6-48CD-B0CF-72F3670E4482}"
EndProject
Project("{FAE04EC0-301F-11D3-BF4B-00C04F79EFBC}") = "eCommerce.SharedLibrary", "..\..\DemoECommerce.SharedLibrarySolution\eCommerce.SharedLibrary\eCommerce.SharedLibrary.csproj", "{B659CA2A-3360-F7AB-1810-7D38B8B1CD4E}"
EndProject
Global
	GlobalSection(SolutionConfigurationPlatforms) = preSolution
		Debug|Any CPU = Debug|Any CPU
		Release|Any CPU = Release|Any CPU
	EndGlobalSection
	GlobalSection(ProjectConfigurationPlatforms) = postSolution
		{8A06153F-7FE9-4520-BA50-BFA3E01A78B9}.Debug|Any CPU.ActiveCfg = Debug|Any CPU
		{8A06153F-7FE9-4520-BA50-BFA3E01A78B9}.Debug|Any CPU.Build.0 = Debug|Any CPU
		{8A06153F-7FE9-4520-BA50-BFA3E01A78B9}.Release|Any CPU.ActiveCfg = Release|Any CPU
		{8A06153F-7FE9-4520-BA50-BFA3E01A78B9}.Release|Any CPU.Build.0 = Release|Any CPU
		{7B3BFF7C-D131-499D-A97B-78DCF2EA1E83}.Debug|Any CPU.ActiveCfg = Debug|Any CPU
		{7B3BFF7C-D131-499D-A97B-78DCF2EA1E83}.Debug|Any CPU.Build.0 = Debug|Any CPU
		{7B3BFF7C-D131-499D-A97B-78DCF2EA1E83}.Release|Any CPU.ActiveCfg = Release|Any CPU
		{7B3BFF7C-D131-499D-A97B-78DCF2EA1E83}.Release|Any CPU.Build.0 = Release|Any CPU
		{4451C2A9-D3FE-46D6-B9F2-9427609D8129}.Debug|Any CPU.ActiveCfg = Debug|Any CPU
		{4451C2A9-D3FE-46D6-B9F2-9427609D8129}.Debug|Any CPU.Build.0 = Debug|Any CPU
		{4451C2A9-D3FE-46D6-B9F2-9427609D8129}.Release|Any CPU.ActiveCfg = Release|Any CPU
		{4451C2A9-D3FE-46D6-B9F2-9427609D8129}.Release|Any CPU.Build.0 = Release|Any CPU
		{EDEAFB21-DEF6-48CD-B0CF-72F3670E4482}.Debug|Any CPU.ActiveCfg = Debug|Any CPU
		{EDEAFB21-DEF6-48CD-B0CF-72F3670E4482}.Debug|Any CPU.Build.0 = Debug|Any CPU
		{EDEAFB21-DEF6-48CD-B0CF-72F3670E4482}.Release|Any CPU.ActiveCfg = Release|Any CPU
		{EDEAFB21-DEF6-48CD-B0CF-72F3670E4482}.Release|Any CPU.Build.0 = Release|Any CPU
		{B659CA2A-3360-F7AB-1810-7D38B8B1CD4E}.Debug|Any CPU.ActiveCfg = Debug|Any CPU
		{B659CA2A-3360-F7AB-1810-7D38B8B1CD4E}.Debug|Any CPU.Build.0 = Debug|Any CPU
		{B659CA2A-3360-F7AB-1810-7D38B8B1CD4E}.Release|Any CPU.ActiveCfg = Release|Any CPU
		{B659CA2A-3360-F7AB-1810-7D38B8B1CD4E}.Release|Any CPU.Build.0 = Release|Any CPU
	EndGlobalSection
	GlobalSection(SolutionProperties) = preSolution
		HideSolutionNode = FALSE
	EndGlobalSection
	GlobalSection(ExtensibilityGlobals) = postSolution
		SolutionGuid = {748FC65C-C3D2-4C95-9E95-EDC3428291DD}
	EndGlobalSection
EndGlobal
